{
    "_meta": {
        "hash": {
            "sha256": "d15fdcdfcb9cd814ea7d0b14fea24932a38fbd53b4c311185bd5758bef560c54"
        },
        "pipfile-spec": 6,
        "requires": {
            "python_version": "3.12"
        },
        "sources": [
            {
                "name": "pip_conf_index_global",
                "url": "https://pypi.tuna.tsinghua.edu.cn/simple",
                "verify_ssl": true
            }
        ]
    },
    "default": {},
    "develop": {}
}
